
Microsoft Visual Studio Solution File, Format Version 12.00
# Visual Studio 15
VisualStudioVersion = 15.0.27004.2002
MinimumVisualStudioVersion = 10.0.40219.1
Project("{9A19103F-16F7-4668-BE54-9A1E7A4F7556}") = "ProjektPS", "ProjektPS\ProjektPS.csproj", "{1E56157A-FF23-4196-8400-D6054EEAB1B3}"
EndProject
Project("{9A19103F-16F7-4668-BE54-9A1E7A4F7556}") = "DataModels", "DataModels\DataModels.csproj", "{019496EF-1DDA-4E29-BBEA-9704EB456B9F}"
EndProject
Global
	GlobalSection(SolutionConfigurationPlatforms) = preSolution
		Debug|Any CPU = Debug|Any CPU
		Release|Any CPU = Release|Any CPU
	EndGlobalSection
	GlobalSection(ProjectConfigurationPlatforms) = postSolution
		{1E56157A-FF23-4196-8400-D6054EEAB1B3}.Debug|Any CPU.ActiveCfg = Debug|Any CPU
		{1E56157A-FF23-4196-8400-D6054EEAB1B3}.Debug|Any CPU.Build.0 = Debug|Any CPU
		{1E56157A-FF23-4196-8400-D6054EEAB1B3}.Release|Any CPU.ActiveCfg = Release|Any CPU
		{1E56157A-FF23-4196-8400-D6054EEAB1B3}.Release|Any CPU.Build.0 = Release|Any CPU
		{019496EF-1DDA-4E29-BBEA-9704EB456B9F}.Debug|Any CPU.ActiveCfg = Debug|Any CPU
		{019496EF-1DDA-4E29-BBEA-9704EB456B9F}.Debug|Any CPU.Build.0 = Debug|Any CPU
		{019496EF-1DDA-4E29-BBEA-9704EB456B9F}.Release|Any CPU.ActiveCfg = Release|Any CPU
		{019496EF-1DDA-4E29-BBEA-9704EB456B9F}.Release|Any CPU.Build.0 = Release|Any CPU
	EndGlobalSection
	GlobalSection(SolutionProperties) = preSolution
		HideSolutionNode = FALSE
	EndGlobalSection
	GlobalSection(ExtensibilityGlobals) = postSolution
		SolutionGuid = {D61FFD2B-8D15-4D5F-95BB-CF08A376D8E9}
	EndGlobalSection
EndGlobal
